// !$*UTF8*$!
{
	archiveVersion = 1;
	classes = {
	};
	objectVersion = 55;
	objects = {

/* Begin PBXBuildFile section */
		BF981451296716F20014925E /* AppDelegate.swift in Sources */ = {isa = PBXBuildFile; fileRef = BF981450296716F20014925E /* AppDelegate.swift */; };
		BF981453296716F20014925E /* SceneDelegate.swift in Sources */ = {isa = PBXBuildFile; fileRef = BF981452296716F20014925E /* SceneDelegate.swift */; };
		BF981455296716F20014925E /* TimerViewController.swift in Sources */ = {isa = PBXBuildFile; fileRef = BF981454296716F20014925E /* TimerViewController.swift */; };
		BF981458296716F20014925E /* Main.storyboard in Resources */ = {isa = PBXBuildFile; fileRef = BF981456296716F20014925E /* Main.storyboard */; };
		BF98145A296716F30014925E /* Assets.xcassets in Resources */ = {isa = PBXBuildFile; fileRef = BF981459296716F30014925E /* Assets.xcassets */; };
		BF98145D296716F30014925E /* LaunchScreen.storyboard in Resources */ = {isa = PBXBuildFile; fileRef = BF98145B296716F30014925E /* LaunchScreen.storyboard */; };
		BFA52160296723FB0046CEEB /* TabBarController.swift in Sources */ = {isa = PBXBuildFile; fileRef = BFA5215F296723FB0046CEEB /* TabBarController.swift */; };
		BFA52164296725D10046CEEB /* RecordsViewController.swift in Sources */ = {isa = PBXBuildFile; fileRef = BFA52163296725D10046CEEB /* RecordsViewController.swift */; };
		E52E1509297FCDDC007461CD /* RxSwift in Frameworks */ = {isa = PBXBuildFile; productRef = E52E1508297FCDDC007461CD /* RxSwift */; };
		E52E150B297FCE38007461CD /* Settings.swift in Sources */ = {isa = PBXBuildFile; fileRef = E52E150A297FCE38007461CD /* Settings.swift */; };
		E52E150D297FCE80007461CD /* SettingsViewModel.swift in Sources */ = {isa = PBXBuildFile; fileRef = E52E150C297FCE80007461CD /* SettingsViewModel.swift */; };
		E56A7AE9297791B30089737C /* SettingsViewController.swift in Sources */ = {isa = PBXBuildFile; fileRef = E56A7AE7297791B30089737C /* SettingsViewController.swift */; };
		E57953862984039D008C56E7 /* StorageProvider+Add.swift in Sources */ = {isa = PBXBuildFile; fileRef = E57953852984039D008C56E7 /* StorageProvider+Add.swift */; };
		E5795388298408B9008C56E7 /* Date+Extension.swift in Sources */ = {isa = PBXBuildFile; fileRef = E5795387298408B9008C56E7 /* Date+Extension.swift */; };
		E579538A298408D8008C56E7 /* DateComponents+Extension.swift in Sources */ = {isa = PBXBuildFile; fileRef = E5795389298408D8008C56E7 /* DateComponents+Extension.swift */; };
		E579538C29840D84008C56E7 /* StorageProvider+fetch.swift in Sources */ = {isa = PBXBuildFile; fileRef = E579538B29840D84008C56E7 /* StorageProvider+fetch.swift */; };
		E579538E2984D762008C56E7 /* ReportRecord.swift in Sources */ = {isa = PBXBuildFile; fileRef = E579538D2984D762008C56E7 /* ReportRecord.swift */; };
		E5CC5B4F297FDBE10096AB58 /* DurationViewController.swift in Sources */ = {isa = PBXBuildFile; fileRef = E5CC5B4E297FDBE10096AB58 /* DurationViewController.swift */; };
		E5CC5B53298016CD0096AB58 /* PDUbiquitousPropertyValue.swift in Sources */ = {isa = PBXBuildFile; fileRef = E5CC5B52298016CD0096AB58 /* PDUbiquitousPropertyValue.swift */; };
		E5CC5B562981309C0096AB58 /* UserDefaults+Extension.swift in Sources */ = {isa = PBXBuildFile; fileRef = E5CC5B552981309C0096AB58 /* UserDefaults+Extension.swift */; };
		E5CC5B58298130C00096AB58 /* UserDefaultValue.swift in Sources */ = {isa = PBXBuildFile; fileRef = E5CC5B57298130C00096AB58 /* UserDefaultValue.swift */; };
		E5CC5B5D298133B90096AB58 /* StorageProvider.swift in Sources */ = {isa = PBXBuildFile; fileRef = E5CC5B5C298133B90096AB58 /* StorageProvider.swift */; };
		E5CC5B6329817F280096AB58 /* CloudKit.framework in Frameworks */ = {isa = PBXBuildFile; fileRef = E5CC5B6229817F280096AB58 /* CloudKit.framework */; };
		E5CC5B652982C0C60096AB58 /* DetailRecord.swift in Sources */ = {isa = PBXBuildFile; fileRef = E5CC5B642982C0C60096AB58 /* DetailRecord.swift */; };
		E5CC5B6729837F7D0096AB58 /* PDDateFormatter.swift in Sources */ = {isa = PBXBuildFile; fileRef = E5CC5B6629837F7D0096AB58 /* PDDateFormatter.swift */; };
		E5E4719F297FD4D600965E4C /* RxDataSources in Frameworks */ = {isa = PBXBuildFile; productRef = E5E4719E297FD4D600965E4C /* RxDataSources */; };
		E5F3D4192984E1CC00E8DCDC /* Pomodoro.xcdatamodeld in Sources */ = {isa = PBXBuildFile; fileRef = E5F3D4172984E1CC00E8DCDC /* Pomodoro.xcdatamodeld */; };
/* End PBXBuildFile section */

/* Begin PBXFileReference section */
		BF98144D296716F20014925E /* Pomodoro.app */ = {isa = PBXFileReference; explicitFileType = wrapper.application; includeInIndex = 0; path = Pomodoro.app; sourceTree = BUILT_PRODUCTS_DIR; };
		BF981450296716F20014925E /* AppDelegate.swift */ = {isa = PBXFileReference; lastKnownFileType = sourcecode.swift; path = AppDelegate.swift; sourceTree = "<group>"; };
		BF981452296716F20014925E /* SceneDelegate.swift */ = {isa = PBXFileReference; lastKnownFileType = sourcecode.swift; path = SceneDelegate.swift; sourceTree = "<group>"; };
		BF981454296716F20014925E /* TimerViewController.swift */ = {isa = PBXFileReference; lastKnownFileType = sourcecode.swift; path = TimerViewController.swift; sourceTree = "<group>"; };
		BF981457296716F20014925E /* Base */ = {isa = PBXFileReference; lastKnownFileType = file.storyboard; name = Base; path = Base.lproj/Main.storyboard; sourceTree = "<group>"; };
		BF981459296716F30014925E /* Assets.xcassets */ = {isa = PBXFileReference; lastKnownFileType = folder.assetcatalog; path = Assets.xcassets; sourceTree = "<group>"; };
		BF98145C296716F30014925E /* Base */ = {isa = PBXFileReference; lastKnownFileType = file.storyboard; name = Base; path = Base.lproj/LaunchScreen.storyboard; sourceTree = "<group>"; };
		BF98145E296716F30014925E /* Info.plist */ = {isa = PBXFileReference; lastKnownFileType = text.plist.xml; path = Info.plist; sourceTree = "<group>"; };
		BFA5215F296723FB0046CEEB /* TabBarController.swift */ = {isa = PBXFileReference; lastKnownFileType = sourcecode.swift; path = TabBarController.swift; sourceTree = "<group>"; };
		BFA52163296725D10046CEEB /* RecordsViewController.swift */ = {isa = PBXFileReference; lastKnownFileType = sourcecode.swift; path = RecordsViewController.swift; sourceTree = "<group>"; };
		E52E150A297FCE38007461CD /* Settings.swift */ = {isa = PBXFileReference; lastKnownFileType = sourcecode.swift; path = Settings.swift; sourceTree = "<group>"; };
		E52E150C297FCE80007461CD /* SettingsViewModel.swift */ = {isa = PBXFileReference; lastKnownFileType = sourcecode.swift; path = SettingsViewModel.swift; sourceTree = "<group>"; };
		E56A7AE7297791B30089737C /* SettingsViewController.swift */ = {isa = PBXFileReference; lastKnownFileType = sourcecode.swift; path = SettingsViewController.swift; sourceTree = "<group>"; };
		E57953852984039D008C56E7 /* StorageProvider+Add.swift */ = {isa = PBXFileReference; lastKnownFileType = sourcecode.swift; path = "StorageProvider+Add.swift"; sourceTree = "<group>"; };
		E5795387298408B9008C56E7 /* Date+Extension.swift */ = {isa = PBXFileReference; lastKnownFileType = sourcecode.swift; path = "Date+Extension.swift"; sourceTree = "<group>"; };
		E5795389298408D8008C56E7 /* DateComponents+Extension.swift */ = {isa = PBXFileReference; lastKnownFileType = sourcecode.swift; path = "DateComponents+Extension.swift"; sourceTree = "<group>"; };
		E579538B29840D84008C56E7 /* StorageProvider+fetch.swift */ = {isa = PBXFileReference; lastKnownFileType = sourcecode.swift; path = "StorageProvider+fetch.swift"; sourceTree = "<group>"; };
		E579538D2984D762008C56E7 /* ReportRecord.swift */ = {isa = PBXFileReference; lastKnownFileType = sourcecode.swift; path = ReportRecord.swift; sourceTree = "<group>"; };
		E5CC5B4E297FDBE10096AB58 /* DurationViewController.swift */ = {isa = PBXFileReference; lastKnownFileType = sourcecode.swift; path = DurationViewController.swift; sourceTree = "<group>"; };
		E5CC5B5029800EA80096AB58 /* Pomodoro.entitlements */ = {isa = PBXFileReference; lastKnownFileType = text.plist.entitlements; path = Pomodoro.entitlements; sourceTree = "<group>"; };
		E5CC5B52298016CD0096AB58 /* PDUbiquitousPropertyValue.swift */ = {isa = PBXFileReference; lastKnownFileType = sourcecode.swift; path = PDUbiquitousPropertyValue.swift; sourceTree = "<group>"; };
		E5CC5B552981309C0096AB58 /* UserDefaults+Extension.swift */ = {isa = PBXFileReference; lastKnownFileType = sourcecode.swift; path = "UserDefaults+Extension.swift"; sourceTree = "<group>"; };
		E5CC5B57298130C00096AB58 /* UserDefaultValue.swift */ = {isa = PBXFileReference; lastKnownFileType = sourcecode.swift; path = UserDefaultValue.swift; sourceTree = "<group>"; };
		E5CC5B5C298133B90096AB58 /* StorageProvider.swift */ = {isa = PBXFileReference; lastKnownFileType = sourcecode.swift; path = StorageProvider.swift; sourceTree = "<group>"; };
		E5CC5B6229817F280096AB58 /* CloudKit.framework */ = {isa = PBXFileReference; lastKnownFileType = wrapper.framework; name = CloudKit.framework; path = System/Library/Frameworks/CloudKit.framework; sourceTree = SDKROOT; };
		E5CC5B642982C0C60096AB58 /* DetailRecord.swift */ = {isa = PBXFileReference; lastKnownFileType = sourcecode.swift; path = DetailRecord.swift; sourceTree = "<group>"; };
		E5CC5B6629837F7D0096AB58 /* PDDateFormatter.swift */ = {isa = PBXFileReference; lastKnownFileType = sourcecode.swift; path = PDDateFormatter.swift; sourceTree = "<group>"; };
		E5F3D4182984E1CC00E8DCDC /* Pomodoro.xcdatamodel */ = {isa = PBXFileReference; lastKnownFileType = wrapper.xcdatamodel; path = Pomodoro.xcdatamodel; sourceTree = "<group>"; };
/* End PBXFileReference section */

/* Begin PBXFrameworksBuildPhase section */
		BF98144A296716F20014925E /* Frameworks */ = {
			isa = PBXFrameworksBuildPhase;
			buildActionMask = 2147483647;
			files = (
				E5CC5B6329817F280096AB58 /* CloudKit.framework in Frameworks */,
				E52E1509297FCDDC007461CD /* RxSwift in Frameworks */,
				E5E4719F297FD4D600965E4C /* RxDataSources in Frameworks */,
			);
			runOnlyForDeploymentPostprocessing = 0;
		};
/* End PBXFrameworksBuildPhase section */

/* Begin PBXGroup section */
		BF981444296716F20014925E = {
			isa = PBXGroup;
			children = (
				BF98144F296716F20014925E /* Pomodoro */,
				BF98144E296716F20014925E /* Products */,
				E5CC5B6129817F280096AB58 /* Frameworks */,
			);
			sourceTree = "<group>";
		};
		BF98144E296716F20014925E /* Products */ = {
			isa = PBXGroup;
			children = (
				BF98144D296716F20014925E /* Pomodoro.app */,
			);
			name = Products;
			sourceTree = "<group>";
		};
		BF98144F296716F20014925E /* Pomodoro */ = {
			isa = PBXGroup;
			children = (
				E5F3D4162984E18200E8DCDC /* Helper */,
				E5CC5B5B298133A60096AB58 /* Storage */,
				BFA5216629672C5A0046CEEB /* Model */,
				E5CC5B542981305C0096AB58 /* Extension */,
				E5CC5B5029800EA80096AB58 /* Pomodoro.entitlements */,
				BF981467296722EF0014925E /* Application */,
				BF981466296722A70014925E /* View */,
				BFA5216529672C4F0046CEEB /* ViewModel */,
				BF9814692967230A0014925E /* Resource */,
				BF98145E296716F30014925E /* Info.plist */,
			);
			path = Pomodoro;
			sourceTree = "<group>";
		};
		BF981466296722A70014925E /* View */ = {
			isa = PBXGroup;
			children = (
				BFA5215F296723FB0046CEEB /* TabBarController.swift */,
				BFA52163296725D10046CEEB /* RecordsViewController.swift */,
				BF981454296716F20014925E /* TimerViewController.swift */,
				BF981456296716F20014925E /* Main.storyboard */,
				BF98145B296716F30014925E /* LaunchScreen.storyboard */,
				E56A7AE7297791B30089737C /* SettingsViewController.swift */,
				E5CC5B4E297FDBE10096AB58 /* DurationViewController.swift */,
			);
			path = View;
			sourceTree = "<group>";
		};
		BF981467296722EF0014925E /* Application */ = {
			isa = PBXGroup;
			children = (
				BF981450296716F20014925E /* AppDelegate.swift */,
				BF981452296716F20014925E /* SceneDelegate.swift */,
			);
			path = Application;
			sourceTree = "<group>";
		};
		BF9814692967230A0014925E /* Resource */ = {
			isa = PBXGroup;
			children = (
				BF981459296716F30014925E /* Assets.xcassets */,
			);
			path = Resource;
			sourceTree = "<group>";
		};
		BFA5216529672C4F0046CEEB /* ViewModel */ = {
			isa = PBXGroup;
			children = (
				E52E150C297FCE80007461CD /* SettingsViewModel.swift */,
			);
			path = ViewModel;
			sourceTree = "<group>";
		};
		BFA5216629672C5A0046CEEB /* Model */ = {
			isa = PBXGroup;
			children = (
				E5CC5B5A298131530096AB58 /* Settings */,
				E5CC5B642982C0C60096AB58 /* DetailRecord.swift */,
				E579538D2984D762008C56E7 /* ReportRecord.swift */,
			);
			path = Model;
			sourceTree = "<group>";
		};
		E5CC5B542981305C0096AB58 /* Extension */ = {
			isa = PBXGroup;
			children = (
				E5CC5B552981309C0096AB58 /* UserDefaults+Extension.swift */,
				E5795387298408B9008C56E7 /* Date+Extension.swift */,
				E5795389298408D8008C56E7 /* DateComponents+Extension.swift */,
			);
			path = Extension;
			sourceTree = "<group>";
		};
		E5CC5B5A298131530096AB58 /* Settings */ = {
			isa = PBXGroup;
			children = (
				E52E150A297FCE38007461CD /* Settings.swift */,
				E5CC5B52298016CD0096AB58 /* PDUbiquitousPropertyValue.swift */,
				E5CC5B57298130C00096AB58 /* UserDefaultValue.swift */,
			);
			path = Settings;
			sourceTree = "<group>";
		};
		E5CC5B5B298133A60096AB58 /* Storage */ = {
			isa = PBXGroup;
			children = (
				E5F3D4172984E1CC00E8DCDC /* Pomodoro.xcdatamodeld */,
				E5CC5B5C298133B90096AB58 /* StorageProvider.swift */,
				E57953852984039D008C56E7 /* StorageProvider+Add.swift */,
				E579538B29840D84008C56E7 /* StorageProvider+fetch.swift */,
			);
			path = Storage;
			sourceTree = "<group>";
		};
		E5CC5B6129817F280096AB58 /* Frameworks */ = {
			isa = PBXGroup;
			children = (
				E5CC5B6229817F280096AB58 /* CloudKit.framework */,
			);
			name = Frameworks;
			sourceTree = "<group>";
		};
		E5F3D4162984E18200E8DCDC /* Helper */ = {
			isa = PBXGroup;
			children = (
				E5CC5B6629837F7D0096AB58 /* PDDateFormatter.swift */,
			);
			path = Helper;
			sourceTree = "<group>";
		};
/* End PBXGroup section */

/* Begin PBXNativeTarget section */
		BF98144C296716F20014925E /* Pomodoro */ = {
			isa = PBXNativeTarget;
			buildConfigurationList = BF981461296716F30014925E /* Build configuration list for PBXNativeTarget "Pomodoro" */;
			buildPhases = (
				BF981449296716F20014925E /* Sources */,
				BF98144A296716F20014925E /* Frameworks */,
				BF98144B296716F20014925E /* Resources */,
				BF98146429671AE90014925E /* ShellScript */,
			);
			buildRules = (
			);
			dependencies = (
			);
			name = Pomodoro;
			packageProductDependencies = (
				E52E1508297FCDDC007461CD /* RxSwift */,
				E5E4719E297FD4D600965E4C /* RxDataSources */,
			);
			productName = Pomodoro;
			productReference = BF98144D296716F20014925E /* Pomodoro.app */;
			productType = "com.apple.product-type.application";
		};
/* End PBXNativeTarget section */

/* Begin PBXProject section */
		BF981445296716F20014925E /* Project object */ = {
			isa = PBXProject;
			attributes = {
				BuildIndependentTargetsInParallel = 1;
				LastSwiftUpdateCheck = 1340;
				LastUpgradeCheck = 1340;
				TargetAttributes = {
					BF98144C296716F20014925E = {
						CreatedOnToolsVersion = 13.4.1;
					};
				};
			};
			buildConfigurationList = BF981448296716F20014925E /* Build configuration list for PBXProject "Pomodoro" */;
			compatibilityVersion = "Xcode 13.0";
			developmentRegion = en;
			hasScannedForEncodings = 0;
			knownRegions = (
				en,
				Base,
			);
			mainGroup = BF981444296716F20014925E;
			packageReferences = (
				E52E1507297FCDDC007461CD /* XCRemoteSwiftPackageReference "RxSwift" */,
				E5E4719D297FD4D600965E4C /* XCRemoteSwiftPackageReference "RxDataSources" */,
			);
			productRefGroup = BF98144E296716F20014925E /* Products */;
			projectDirPath = "";
			projectRoot = "";
			targets = (
				BF98144C296716F20014925E /* Pomodoro */,
			);
		};
/* End PBXProject section */

/* Begin PBXResourcesBuildPhase section */
		BF98144B296716F20014925E /* Resources */ = {
			isa = PBXResourcesBuildPhase;
			buildActionMask = 2147483647;
			files = (
				BF98145D296716F30014925E /* LaunchScreen.storyboard in Resources */,
				BF98145A296716F30014925E /* Assets.xcassets in Resources */,
				BF981458296716F20014925E /* Main.storyboard in Resources */,
			);
			runOnlyForDeploymentPostprocessing = 0;
		};
/* End PBXResourcesBuildPhase section */

/* Begin PBXShellScriptBuildPhase section */
		BF98146429671AE90014925E /* ShellScript */ = {
			isa = PBXShellScriptBuildPhase;
			alwaysOutOfDate = 1;
			buildActionMask = 2147483647;
			files = (
			);
			inputFileListPaths = (
			);
			inputPaths = (
			);
			outputFileListPaths = (
			);
			outputPaths = (
			);
			runOnlyForDeploymentPostprocessing = 0;
			shellPath = /bin/sh;
			shellScript = "export PATH=\"$PATH:/opt/homebrew/bin\"\nif which swiftlint > /dev/null; then\n  swiftlint\nelse\n  echo \"warning: SwiftLint not installed, download from https://github.com/realm/SwiftLint\"\nfi\n";
		};
/* End PBXShellScriptBuildPhase section */

/* Begin PBXSourcesBuildPhase section */
		BF981449296716F20014925E /* Sources */ = {
			isa = PBXSourcesBuildPhase;
			buildActionMask = 2147483647;
			files = (
				BF981455296716F20014925E /* TimerViewController.swift in Sources */,
				BFA52160296723FB0046CEEB /* TabBarController.swift in Sources */,
				E5CC5B5D298133B90096AB58 /* StorageProvider.swift in Sources */,
				E5F3D4192984E1CC00E8DCDC /* Pomodoro.xcdatamodeld in Sources */,
				BF981451296716F20014925E /* AppDelegate.swift in Sources */,
				E5CC5B562981309C0096AB58 /* UserDefaults+Extension.swift in Sources */,
				BF981453296716F20014925E /* SceneDelegate.swift in Sources */,
				E5CC5B6729837F7D0096AB58 /* PDDateFormatter.swift in Sources */,
				E579538C29840D84008C56E7 /* StorageProvider+fetch.swift in Sources */,
				E52E150B297FCE38007461CD /* Settings.swift in Sources */,
				E579538E2984D762008C56E7 /* ReportRecord.swift in Sources */,
				BFA52164296725D10046CEEB /* RecordsViewController.swift in Sources */,
				E56A7AE9297791B30089737C /* SettingsViewController.swift in Sources */,
				E52E150D297FCE80007461CD /* SettingsViewModel.swift in Sources */,
				E5CC5B652982C0C60096AB58 /* DetailRecord.swift in Sources */,
				E57953862984039D008C56E7 /* StorageProvider+Add.swift in Sources */,
				E579538A298408D8008C56E7 /* DateComponents+Extension.swift in Sources */,
				E5CC5B53298016CD0096AB58 /* PDUbiquitousPropertyValue.swift in Sources */,
				E5CC5B58298130C00096AB58 /* UserDefaultValue.swift in Sources */,
				E5CC5B4F297FDBE10096AB58 /* DurationViewController.swift in Sources */,
				E5795388298408B9008C56E7 /* Date+Extension.swift in Sources */,
			);
			runOnlyForDeploymentPostprocessing = 0;
		};
/* End PBXSourcesBuildPhase section */

/* Begin PBXVariantGroup section */
		BF981456296716F20014925E /* Main.storyboard */ = {
			isa = PBXVariantGroup;
			children = (
				BF981457296716F20014925E /* Base */,
			);
			name = Main.storyboard;
			sourceTree = "<group>";
		};
		BF98145B296716F30014925E /* LaunchScreen.storyboard */ = {
			isa = PBXVariantGroup;
			children = (
				BF98145C296716F30014925E /* Base */,
			);
			name = LaunchScreen.storyboard;
			sourceTree = "<group>";
		};
/* End PBXVariantGroup section */

/* Begin XCBuildConfiguration section */
		BF98145F296716F30014925E /* Debug */ = {
			isa = XCBuildConfiguration;
			buildSettings = {
				ALWAYS_SEARCH_USER_PATHS = NO;
				CLANG_ANALYZER_NONNULL = YES;
				CLANG_ANALYZER_NUMBER_OBJECT_CONVERSION = YES_AGGRESSIVE;
				CLANG_CXX_LANGUAGE_STANDARD = "gnu++17";
				CLANG_ENABLE_MODULES = YES;
				CLANG_ENABLE_OBJC_ARC = YES;
				CLANG_ENABLE_OBJC_WEAK = YES;
				CLANG_WARN_BLOCK_CAPTURE_AUTORELEASING = YES;
				CLANG_WARN_BOOL_CONVERSION = YES;
				CLANG_WARN_COMMA = YES;
				CLANG_WARN_CONSTANT_CONVERSION = YES;
				CLANG_WARN_DEPRECATED_OBJC_IMPLEMENTATIONS = YES;
				CLANG_WARN_DIRECT_OBJC_ISA_USAGE = YES_ERROR;
				CLANG_WARN_DOCUMENTATION_COMMENTS = YES;
				CLANG_WARN_EMPTY_BODY = YES;
				CLANG_WARN_ENUM_CONVERSION = YES;
				CLANG_WARN_INFINITE_RECURSION = YES;
				CLANG_WARN_INT_CONVERSION = YES;
				CLANG_WARN_NON_LITERAL_NULL_CONVERSION = YES;
				CLANG_WARN_OBJC_IMPLICIT_RETAIN_SELF = YES;
				CLANG_WARN_OBJC_LITERAL_CONVERSION = YES;
				CLANG_WARN_OBJC_ROOT_CLASS = YES_ERROR;
				CLANG_WARN_QUOTED_INCLUDE_IN_FRAMEWORK_HEADER = YES;
				CLANG_WARN_RANGE_LOOP_ANALYSIS = YES;
				CLANG_WARN_STRICT_PROTOTYPES = YES;
				CLANG_WARN_SUSPICIOUS_MOVE = YES;
				CLANG_WARN_UNGUARDED_AVAILABILITY = YES_AGGRESSIVE;
				CLANG_WARN_UNREACHABLE_CODE = YES;
				CLANG_WARN__DUPLICATE_METHOD_MATCH = YES;
				COPY_PHASE_STRIP = NO;
				DEBUG_INFORMATION_FORMAT = dwarf;
				ENABLE_STRICT_OBJC_MSGSEND = YES;
				ENABLE_TESTABILITY = YES;
				GCC_C_LANGUAGE_STANDARD = gnu11;
				GCC_DYNAMIC_NO_PIC = NO;
				GCC_NO_COMMON_BLOCKS = YES;
				GCC_OPTIMIZATION_LEVEL = 0;
				GCC_PREPROCESSOR_DEFINITIONS = (
					"DEBUG=1",
					"$(inherited)",
				);
				GCC_WARN_64_TO_32_BIT_CONVERSION = YES;
				GCC_WARN_ABOUT_RETURN_TYPE = YES_ERROR;
				GCC_WARN_UNDECLARED_SELECTOR = YES;
				GCC_WARN_UNINITIALIZED_AUTOS = YES_AGGRESSIVE;
				GCC_WARN_UNUSED_FUNCTION = YES;
				GCC_WARN_UNUSED_VARIABLE = YES;
				IPHONEOS_DEPLOYMENT_TARGET = 15.5;
				MTL_ENABLE_DEBUG_INFO = INCLUDE_SOURCE;
				MTL_FAST_MATH = YES;
				ONLY_ACTIVE_ARCH = YES;
				SDKROOT = iphoneos;
				SWIFT_ACTIVE_COMPILATION_CONDITIONS = DEBUG;
				SWIFT_OPTIMIZATION_LEVEL = "-Onone";
			};
			name = Debug;
		};
		BF981460296716F30014925E /* Release */ = {
			isa = XCBuildConfiguration;
			buildSettings = {
				ALWAYS_SEARCH_USER_PATHS = NO;
				CLANG_ANALYZER_NONNULL = YES;
				CLANG_ANALYZER_NUMBER_OBJECT_CONVERSION = YES_AGGRESSIVE;
				CLANG_CXX_LANGUAGE_STANDARD = "gnu++17";
				CLANG_ENABLE_MODULES = YES;
				CLANG_ENABLE_OBJC_ARC = YES;
				CLANG_ENABLE_OBJC_WEAK = YES;
				CLANG_WARN_BLOCK_CAPTURE_AUTORELEASING = YES;
				CLANG_WARN_BOOL_CONVERSION = YES;
				CLANG_WARN_COMMA = YES;
				CLANG_WARN_CONSTANT_CONVERSION = YES;
				CLANG_WARN_DEPRECATED_OBJC_IMPLEMENTATIONS = YES;
				CLANG_WARN_DIRECT_OBJC_ISA_USAGE = YES_ERROR;
				CLANG_WARN_DOCUMENTATION_COMMENTS = YES;
				CLANG_WARN_EMPTY_BODY = YES;
				CLANG_WARN_ENUM_CONVERSION = YES;
				CLANG_WARN_INFINITE_RECURSION = YES;
				CLANG_WARN_INT_CONVERSION = YES;
				CLANG_WARN_NON_LITERAL_NULL_CONVERSION = YES;
				CLANG_WARN_OBJC_IMPLICIT_RETAIN_SELF = YES;
				CLANG_WARN_OBJC_LITERAL_CONVERSION = YES;
				CLANG_WARN_OBJC_ROOT_CLASS = YES_ERROR;
				CLANG_WARN_QUOTED_INCLUDE_IN_FRAMEWORK_HEADER = YES;
				CLANG_WARN_RANGE_LOOP_ANALYSIS = YES;
				CLANG_WARN_STRICT_PROTOTYPES = YES;
				CLANG_WARN_SUSPICIOUS_MOVE = YES;
				CLANG_WARN_UNGUARDED_AVAILABILITY = YES_AGGRESSIVE;
				CLANG_WARN_UNREACHABLE_CODE = YES;
				CLANG_WARN__DUPLICATE_METHOD_MATCH = YES;
				COPY_PHASE_STRIP = NO;
				DEBUG_INFORMATION_FORMAT = "dwarf-with-dsym";
				ENABLE_NS_ASSERTIONS = NO;
				ENABLE_STRICT_OBJC_MSGSEND = YES;
				GCC_C_LANGUAGE_STANDARD = gnu11;
				GCC_NO_COMMON_BLOCKS = YES;
				GCC_WARN_64_TO_32_BIT_CONVERSION = YES;
				GCC_WARN_ABOUT_RETURN_TYPE = YES_ERROR;
				GCC_WARN_UNDECLARED_SELECTOR = YES;
				GCC_WARN_UNINITIALIZED_AUTOS = YES_AGGRESSIVE;
				GCC_WARN_UNUSED_FUNCTION = YES;
				GCC_WARN_UNUSED_VARIABLE = YES;
				IPHONEOS_DEPLOYMENT_TARGET = 15.5;
				MTL_ENABLE_DEBUG_INFO = NO;
				MTL_FAST_MATH = YES;
				SDKROOT = iphoneos;
				SWIFT_COMPILATION_MODE = wholemodule;
				SWIFT_OPTIMIZATION_LEVEL = "-O";
				VALIDATE_PRODUCT = YES;
			};
			name = Release;
		};
		BF981462296716F30014925E /* Debug */ = {
			isa = XCBuildConfiguration;
			buildSettings = {
				ASSETCATALOG_COMPILER_APPICON_NAME = AppIcon;
				ASSETCATALOG_COMPILER_GLOBAL_ACCENT_COLOR_NAME = AccentColor;
				CODE_SIGN_ENTITLEMENTS = Pomodoro/Pomodoro.entitlements;
				CODE_SIGN_STYLE = Automatic;
				CURRENT_PROJECT_VERSION = 1;
				DEVELOPMENT_TEAM = 865VWL9WN4;
				GENERATE_INFOPLIST_FILE = YES;
				INFOPLIST_FILE = Pomodoro/Info.plist;
				INFOPLIST_KEY_UIApplicationSupportsIndirectInputEvents = YES;
				INFOPLIST_KEY_UILaunchStoryboardName = LaunchScreen;
				INFOPLIST_KEY_UIMainStoryboardFile = Main;
				INFOPLIST_KEY_UISupportedInterfaceOrientations_iPad = "UIInterfaceOrientationPortrait UIInterfaceOrientationPortraitUpsideDown UIInterfaceOrientationLandscapeLeft UIInterfaceOrientationLandscapeRight";
				INFOPLIST_KEY_UISupportedInterfaceOrientations_iPhone = "UIInterfaceOrientationPortrait UIInterfaceOrientationLandscapeLeft UIInterfaceOrientationLandscapeRight";
				LD_RUNPATH_SEARCH_PATHS = (
					"$(inherited)",
					"@executable_path/Frameworks",
				);
				MARKETING_VERSION = 1.0;
				PRODUCT_BUNDLE_IDENTIFIER = com.rileylai.Pomodoro;
				PRODUCT_NAME = "$(TARGET_NAME)";
				SWIFT_EMIT_LOC_STRINGS = YES;
				SWIFT_VERSION = 5.0;
				TARGETED_DEVICE_FAMILY = "1,2";
			};
			name = Debug;
		};
		BF981463296716F30014925E /* Release */ = {
			isa = XCBuildConfiguration;
			buildSettings = {
				ASSETCATALOG_COMPILER_APPICON_NAME = AppIcon;
				ASSETCATALOG_COMPILER_GLOBAL_ACCENT_COLOR_NAME = AccentColor;
				CODE_SIGN_ENTITLEMENTS = Pomodoro/Pomodoro.entitlements;
				CODE_SIGN_STYLE = Automatic;
				CURRENT_PROJECT_VERSION = 1;
				DEVELOPMENT_TEAM = 865VWL9WN4;
				GENERATE_INFOPLIST_FILE = YES;
				INFOPLIST_FILE = Pomodoro/Info.plist;
				INFOPLIST_KEY_UIApplicationSupportsIndirectInputEvents = YES;
				INFOPLIST_KEY_UILaunchStoryboardName = LaunchScreen;
				INFOPLIST_KEY_UIMainStoryboardFile = Main;
				INFOPLIST_KEY_UISupportedInterfaceOrientations_iPad = "UIInterfaceOrientationPortrait UIInterfaceOrientationPortraitUpsideDown UIInterfaceOrientationLandscapeLeft UIInterfaceOrientationLandscapeRight";
				INFOPLIST_KEY_UISupportedInterfaceOrientations_iPhone = "UIInterfaceOrientationPortrait UIInterfaceOrientationLandscapeLeft UIInterfaceOrientationLandscapeRight";
				LD_RUNPATH_SEARCH_PATHS = (
					"$(inherited)",
					"@executable_path/Frameworks",
				);
				MARKETING_VERSION = 1.0;
				PRODUCT_BUNDLE_IDENTIFIER = com.rileylai.Pomodoro;
				PRODUCT_NAME = "$(TARGET_NAME)";
				SWIFT_EMIT_LOC_STRINGS = YES;
				SWIFT_VERSION = 5.0;
				TARGETED_DEVICE_FAMILY = "1,2";
			};
			name = Release;
		};
/* End XCBuildConfiguration section */

/* Begin XCConfigurationList section */
		BF981448296716F20014925E /* Build configuration list for PBXProject "Pomodoro" */ = {
			isa = XCConfigurationList;
			buildConfigurations = (
				BF98145F296716F30014925E /* Debug */,
				BF981460296716F30014925E /* Release */,
			);
			defaultConfigurationIsVisible = 0;
			defaultConfigurationName = Release;
		};
		BF981461296716F30014925E /* Build configuration list for PBXNativeTarget "Pomodoro" */ = {
			isa = XCConfigurationList;
			buildConfigurations = (
				BF981462296716F30014925E /* Debug */,
				BF981463296716F30014925E /* Release */,
			);
			defaultConfigurationIsVisible = 0;
			defaultConfigurationName = Release;
		};
/* End XCConfigurationList section */

/* Begin XCRemoteSwiftPackageReference section */
		E52E1507297FCDDC007461CD /* XCRemoteSwiftPackageReference "RxSwift" */ = {
			isa = XCRemoteSwiftPackageReference;
			repositoryURL = "https://github.com/ReactiveX/RxSwift";
			requirement = {
				branch = main;
				kind = branch;
			};
		};
		E5E4719D297FD4D600965E4C /* XCRemoteSwiftPackageReference "RxDataSources" */ = {
			isa = XCRemoteSwiftPackageReference;
			repositoryURL = "https://github.com/RxSwiftCommunity/RxDataSources";
			requirement = {
				branch = main;
				kind = branch;
			};
		};
/* End XCRemoteSwiftPackageReference section */

/* Begin XCSwiftPackageProductDependency section */
		E52E1508297FCDDC007461CD /* RxSwift */ = {
			isa = XCSwiftPackageProductDependency;
			package = E52E1507297FCDDC007461CD /* XCRemoteSwiftPackageReference "RxSwift" */;
			productName = RxSwift;
		};
		E5E4719E297FD4D600965E4C /* RxDataSources */ = {
			isa = XCSwiftPackageProductDependency;
			package = E5E4719D297FD4D600965E4C /* XCRemoteSwiftPackageReference "RxDataSources" */;
			productName = RxDataSources;
		};
/* End XCSwiftPackageProductDependency section */

/* Begin XCVersionGroup section */
		E5F3D4172984E1CC00E8DCDC /* Pomodoro.xcdatamodeld */ = {
			isa = XCVersionGroup;
			children = (
				E5F3D4182984E1CC00E8DCDC /* Pomodoro.xcdatamodel */,
			);
			currentVersion = E5F3D4182984E1CC00E8DCDC /* Pomodoro.xcdatamodel */;
			path = Pomodoro.xcdatamodeld;
			sourceTree = "<group>";
			versionGroupType = wrapper.xcdatamodel;
		};
/* End XCVersionGroup section */
	};
	rootObject = BF981445296716F20014925E /* Project object */;
}
